
Microsoft Visual Studio Solution File, Format Version 12.00
# Visual Studio 15
VisualStudioVersion = 15.0.27703.1
MinimumVisualStudioVersion = 10.0.40219.1
Project("{FAE04EC0-301F-11D3-BF4B-00C04F79EFBC}") = "Grades", "Grades\Grades.csproj", "{8BD5D7FB-1B68-419C-91BA-5878FF065220}"
EndProject
Project("{FAE04EC0-301F-11D3-BF4B-00C04F79EFBC}") = "Grades.Test", "Grades.Test\Grades.Test.csproj", "{A292FBA9-746C-4196-A863-50397C0E482D}"
EndProject
Global
	GlobalSection(SolutionConfigurationPlatforms) = preSolution
		Debug|Any CPU = Debug|Any CPU
		Release|Any CPU = Release|Any CPU
	EndGlobalSection
	GlobalSection(ProjectConfigurationPlatforms) = postSolution
		{8BD5D7FB-1B68-419C-91BA-5878FF065220}.Debug|Any CPU.ActiveCfg = Debug|Any CPU
		{8BD5D7FB-1B68-419C-91BA-5878FF065220}.Debug|Any CPU.Build.0 = Debug|Any CPU
		{8BD5D7FB-1B68-419C-91BA-5878FF065220}.Release|Any CPU.ActiveCfg = Release|Any CPU
		{8BD5D7FB-1B68-419C-91BA-5878FF065220}.Release|Any CPU.Build.0 = Release|Any CPU
		{A292FBA9-746C-4196-A863-50397C0E482D}.Debug|Any CPU.ActiveCfg = Debug|Any CPU
		{A292FBA9-746C-4196-A863-50397C0E482D}.Debug|Any CPU.Build.0 = Debug|Any CPU
		{A292FBA9-746C-4196-A863-50397C0E482D}.Release|Any CPU.ActiveCfg = Release|Any CPU
		{A292FBA9-746C-4196-A863-50397C0E482D}.Release|Any CPU.Build.0 = Release|Any CPU
	EndGlobalSection
	GlobalSection(SolutionProperties) = preSolution
		HideSolutionNode = FALSE
	EndGlobalSection
	GlobalSection(ExtensibilityGlobals) = postSolution
		SolutionGuid = {C0FCD97A-2A29-44A9-9BE0-E4B1C308E663}
	EndGlobalSection
EndGlobal
